
Microsoft Visual Studio Solution File, Format Version 11.00
# Visual Studio 2010
Project("{FAE04EC0-301F-11D3-BF4B-00C04F79EFBC}") = "TestBaseGenerator.Repository", "TestBaseGenerator.Repository\TestBaseGenerator.Repository.csproj", "{4C33E414-55E1-4066-8912-04C41D993824}"
EndProject
Project("{FAE04EC0-301F-11D3-BF4B-00C04F79EFBC}") = "TestBaseGenerator.Tests", "TestBaseGenerator.Tests\TestBaseGenerator.Tests.csproj", "{2FA70F25-24BF-44D0-B238-B660EBA27CF0}"
EndProject
Global
	GlobalSection(SolutionConfigurationPlatforms) = preSolution
		Debug|Any CPU = Debug|Any CPU
		Release|Any CPU = Release|Any CPU
	EndGlobalSection
	GlobalSection(ProjectConfigurationPlatforms) = postSolution
		{4C33E414-55E1-4066-8912-04C41D993824}.Debug|Any CPU.ActiveCfg = Debug|Any CPU
		{4C33E414-55E1-4066-8912-04C41D993824}.Debug|Any CPU.Build.0 = Debug|Any CPU
		{4C33E414-55E1-4066-8912-04C41D993824}.Release|Any CPU.ActiveCfg = Release|Any CPU
		{4C33E414-55E1-4066-8912-04C41D993824}.Release|Any CPU.Build.0 = Release|Any CPU
		{2FA70F25-24BF-44D0-B238-B660EBA27CF0}.Debug|Any CPU.ActiveCfg = Debug|Any CPU
		{2FA70F25-24BF-44D0-B238-B660EBA27CF0}.Debug|Any CPU.Build.0 = Debug|Any CPU
		{2FA70F25-24BF-44D0-B238-B660EBA27CF0}.Release|Any CPU.ActiveCfg = Release|Any CPU
		{2FA70F25-24BF-44D0-B238-B660EBA27CF0}.Release|Any CPU.Build.0 = Release|Any CPU
	EndGlobalSection
	GlobalSection(SolutionProperties) = preSolution
		HideSolutionNode = FALSE
	EndGlobalSection
EndGlobal
